
Microsoft Visual Studio Solution File, Format Version 12.00
# Visual Studio Version 16
VisualStudioVersion = 16.0.28922.388
MinimumVisualStudioVersion = 10.0.40219.1
Project("{FAE04EC0-301F-11D3-BF4B-00C04F79EFBC}") = "DriverLicenceForm", "DriverLicenceForm\DriverLicenceForm.csproj", "{9F00E73B-AF39-454A-8B84-078737B49E3B}"
EndProject
Global
	GlobalSection(SolutionConfigurationPlatforms) = preSolution
		Debug|Any CPU = Debug|Any CPU
		Release|Any CPU = Release|Any CPU
	EndGlobalSection
	GlobalSection(ProjectConfigurationPlatforms) = postSolution
		{9F00E73B-AF39-454A-8B84-078737B49E3B}.Debug|Any CPU.ActiveCfg = Debug|Any CPU
		{9F00E73B-AF39-454A-8B84-078737B49E3B}.Debug|Any CPU.Build.0 = Debug|Any CPU
		{9F00E73B-AF39-454A-8B84-078737B49E3B}.Release|Any CPU.ActiveCfg = Release|Any CPU
		{9F00E73B-AF39-454A-8B84-078737B49E3B}.Release|Any CPU.Build.0 = Release|Any CPU
		{492FB534-B23E-4E8F-8431-37B54ED587E0}.Debug|Any CPU.ActiveCfg = Debug|Any CPU
		{492FB534-B23E-4E8F-8431-37B54ED587E0}.Debug|Any CPU.Build.0 = Debug|Any CPU
		{492FB534-B23E-4E8F-8431-37B54ED587E0}.Release|Any CPU.ActiveCfg = Release|Any CPU
		{492FB534-B23E-4E8F-8431-37B54ED587E0}.Release|Any CPU.Build.0 = Release|Any CPU
	EndGlobalSection
	GlobalSection(SolutionProperties) = preSolution
		HideSolutionNode = FALSE
	EndGlobalSection
	GlobalSection(ExtensibilityGlobals) = postSolution
		SolutionGuid = {F443F704-B2BE-4004-A4BD-9E33AC7FBA7F}
	EndGlobalSection
EndGlobal
